
Microsoft Visual Studio Solution File, Format Version 12.00
# Visual Studio Version 17
VisualStudioVersion = 17.2.32630.192
MinimumVisualStudioVersion = 10.0.40219.1
Project("{FAE04EC0-301F-11D3-BF4B-00C04F79EFBC}") = "Student Form", "Student Form.csproj", "{74EFF646-FF0E-4E14-93C0-977712A7E95A}"
EndProject
Global
	GlobalSection(SolutionConfigurationPlatforms) = preSolution
		Debug|Any CPU = Debug|Any CPU
		Release|Any CPU = Release|Any CPU
	EndGlobalSection
	GlobalSection(ProjectConfigurationPlatforms) = postSolution
		{74EFF646-FF0E-4E14-93C0-977712A7E95A}.Debug|Any CPU.ActiveCfg = Debug|Any CPU
		{74EFF646-FF0E-4E14-93C0-977712A7E95A}.Debug|Any CPU.Build.0 = Debug|Any CPU
		{74EFF646-FF0E-4E14-93C0-977712A7E95A}.Release|Any CPU.ActiveCfg = Release|Any CPU
		{74EFF646-FF0E-4E14-93C0-977712A7E95A}.Release|Any CPU.Build.0 = Release|Any CPU
	EndGlobalSection
	GlobalSection(SolutionProperties) = preSolution
		HideSolutionNode = FALSE
	EndGlobalSection
	GlobalSection(ExtensibilityGlobals) = postSolution
		SolutionGuid = {E45CAB83-D295-43F4-A84D-7713E5957F81}
	EndGlobalSection
EndGlobal
